Microsoft Visual Studio Solution File, Format Version 11.00
# Visual Studio 2008

Project("{59315654-04FB-D966-7A2D-B86276EC9BB4}") = "porteavion_test", "Assembly-CSharp-firstpass-vs.csproj", "{AF99488E-69D5-A042-63F5-A269712DA938}"
EndProject
Project("{59315654-04FB-D966-7A2D-B86276EC9BB4}") = "porteavion_test", "Assembly-CSharp-vs.csproj", "{534FE275-5D4F-8566-CD36-E7CAD8D5296F}"
EndProject
Project("{59315654-04FB-D966-7A2D-B86276EC9BB4}") = "porteavion_test", "Assembly-CSharp-Editor-vs.csproj", "{6C712F8D-1E5E-DA8B-5B8C-43684A390355}"
EndProject
Global
	GlobalSection(SolutionConfigurationPlatforms) = preSolution
		Debug|Any CPU = Debug|Any CPU
		Release|Any CPU = Release|Any CPU
	EndGlobalSection
	GlobalSection(ProjectConfigurationPlatforms) = postSolution
		{AF99488E-69D5-A042-63F5-A269712DA938}.Debug|Any CPU.ActiveCfg = Debug|Any CPU
		{AF99488E-69D5-A042-63F5-A269712DA938}.Debug|Any CPU.Build.0 = Debug|Any CPU
		{AF99488E-69D5-A042-63F5-A269712DA938}.Release|Any CPU.ActiveCfg = Release|Any CPU
		{AF99488E-69D5-A042-63F5-A269712DA938}.Release|Any CPU.Build.0 = Release|Any CPU
		{534FE275-5D4F-8566-CD36-E7CAD8D5296F}.Debug|Any CPU.ActiveCfg = Debug|Any CPU
		{534FE275-5D4F-8566-CD36-E7CAD8D5296F}.Debug|Any CPU.Build.0 = Debug|Any CPU
		{534FE275-5D4F-8566-CD36-E7CAD8D5296F}.Release|Any CPU.ActiveCfg = Release|Any CPU
		{534FE275-5D4F-8566-CD36-E7CAD8D5296F}.Release|Any CPU.Build.0 = Release|Any CPU
		{6C712F8D-1E5E-DA8B-5B8C-43684A390355}.Debug|Any CPU.ActiveCfg = Debug|Any CPU
		{6C712F8D-1E5E-DA8B-5B8C-43684A390355}.Debug|Any CPU.Build.0 = Debug|Any CPU
		{6C712F8D-1E5E-DA8B-5B8C-43684A390355}.Release|Any CPU.ActiveCfg = Release|Any CPU
		{6C712F8D-1E5E-DA8B-5B8C-43684A390355}.Release|Any CPU.Build.0 = Release|Any CPU
	EndGlobalSection
	GlobalSection(SolutionProperties) = preSolution
		HideSolutionNode = FALSE
	EndGlobalSection
																																					GlobalSection(MonoDevelopProperties) = preSolution
		StartupItem = Assembly-CSharp.csproj
		Policies = $0
		$0.TextStylePolicy = $1
		$1.inheritsSet = null
		$1.scope = text/x-csharp
		$0.CSharpFormattingPolicy = $2
		$2.inheritsSet = Mono
		$2.inheritsScope = text/x-csharp
		$2.scope = text/x-csharp
		$0.TextStylePolicy = $3
		$3.FileWidth = 120
		$3.TabWidth = 4
		$3.EolMarker = Unix
		$3.inheritsSet = Mono
		$3.inheritsScope = text/plain
		$3.scope = text/plain
	EndGlobalSection

EndGlobal
